// !$*UTF8*$!
{
	archiveVersion = 1;
	classes = {
	};
	objectVersion = 50;
	objects = {

/* Begin PBXBuildFile section */
		3E9E71F52167BBAA00FAD00D /* AppDelegate.swift in Sources */ = {isa = PBXBuildFile; fileRef = 3E9E71F42167BBAA00FAD00D /* AppDelegate.swift */; };
		3E9E71F72167BBAA00FAD00D /* RootViewController.swift in Sources */ = {isa = PBXBuildFile; fileRef = 3E9E71F62167BBAA00FAD00D /* RootViewController.swift */; };
		3E9E71FA2167BBAA00FAD00D /* Main.storyboard in Resources */ = {isa = PBXBuildFile; fileRef = 3E9E71F82167BBAA00FAD00D /* Main.storyboard */; };
		3E9E71FC2167BBAB00FAD00D /* Assets.xcassets in Resources */ = {isa = PBXBuildFile; fileRef = 3E9E71FB2167BBAB00FAD00D /* Assets.xcassets */; };
		3E9E71FF2167BBAB00FAD00D /* LaunchScreen.storyboard in Resources */ = {isa = PBXBuildFile; fileRef = 3E9E71FD2167BBAB00FAD00D /* LaunchScreen.storyboard */; };
		3E9E72292169EF2F00FAD00D /* Configuration.swift in Sources */ = {isa = PBXBuildFile; fileRef = 3E9E72282169EF2F00FAD00D /* Configuration.swift */; };
		3E9E722C2169F0FF00FAD00D /* Location.swift in Sources */ = {isa = PBXBuildFile; fileRef = 3E9E722B2169F0FF00FAD00D /* Location.swift */; };
		3E9E722F2169F1C900FAD00D /* WeatherData.swift in Sources */ = {isa = PBXBuildFile; fileRef = 3E9E722E2169F1C900FAD00D /* WeatherData.swift */; };
		3E9E72322169F75C00FAD00D /* WeahterDataManager.swift in Sources */ = {isa = PBXBuildFile; fileRef = 3E9E72312169F75C00FAD00D /* WeahterDataManager.swift */; };
		3E9E72342169FCDA00FAD00D /* WeatherDataManagerTest.swift in Sources */ = {isa = PBXBuildFile; fileRef = 3E9E72332169FCDA00FAD00D /* WeatherDataManagerTest.swift */; };
		3E9E7238216A0A9100FAD00D /* URLSessionProtocol.swift in Sources */ = {isa = PBXBuildFile; fileRef = 3E9E7237216A0A9100FAD00D /* URLSessionProtocol.swift */; };
		3E9E723A216A0B2500FAD00D /* URLSession.swift in Sources */ = {isa = PBXBuildFile; fileRef = 3E9E7239216A0B2500FAD00D /* URLSession.swift */; };
		3E9E723C216A0B7200FAD00D /* MockURLSession.swift in Sources */ = {isa = PBXBuildFile; fileRef = 3E9E723B216A0B7200FAD00D /* MockURLSession.swift */; };
		3E9E723E216A0BCA00FAD00D /* URLSessionDataTaskProtocol.swift in Sources */ = {isa = PBXBuildFile; fileRef = 3E9E723D216A0BCA00FAD00D /* URLSessionDataTaskProtocol.swift */; };
		3E9E7240216A0C0800FAD00D /* URLSessionDataTask.swift in Sources */ = {isa = PBXBuildFile; fileRef = 3E9E723F216A0C0800FAD00D /* URLSessionDataTask.swift */; };
		3E9E7242216A10AC00FAD00D /* MockURLSessionDataTask.swift in Sources */ = {isa = PBXBuildFile; fileRef = 3E9E7241216A10AC00FAD00D /* MockURLSessionDataTask.swift */; };
		3E9E7245216A549B00FAD00D /* WeatherViewController.swift in Sources */ = {isa = PBXBuildFile; fileRef = 3E9E7244216A549B00FAD00D /* WeatherViewController.swift */; };
		3E9E7247216A56A500FAD00D /* CurrentWeahterViewController.swift in Sources */ = {isa = PBXBuildFile; fileRef = 3E9E7246216A56A500FAD00D /* CurrentWeahterViewController.swift */; };
		3E9E7249216A585700FAD00D /* Double.swift in Sources */ = {isa = PBXBuildFile; fileRef = 3E9E7248216A585700FAD00D /* Double.swift */; };
		3EA38BCA216CF78A00485A9C /* Default-568h@2x.png in Resources */ = {isa = PBXBuildFile; fileRef = 3EA38BC9216CF78A00485A9C /* Default-568h@2x.png */; };
		3EBC0D49216F85C600636555 /* SettingsDateViewModel.swift in Sources */ = {isa = PBXBuildFile; fileRef = 3EBC0D48216F85C600636555 /* SettingsDateViewModel.swift */; };
		3EBC0D4B216F86CD00636555 /* SettingsTemperatureViewModel.swift in Sources */ = {isa = PBXBuildFile; fileRef = 3EBC0D4A216F86CD00636555 /* SettingsTemperatureViewModel.swift */; };
		3EBC0D4E216F895B00636555 /* SettingsContent.swift in Sources */ = {isa = PBXBuildFile; fileRef = 3EBC0D4D216F895B00636555 /* SettingsContent.swift */; };
		3EBC0D50216F8CC200636555 /* WeekWeatherDayViewModel.swift in Sources */ = {isa = PBXBuildFile; fileRef = 3EBC0D4F216F8CC200636555 /* WeekWeatherDayViewModel.swift */; };
		3EBC0D53216F8E7700636555 /* WeekWeatherDayRepresentable.swift in Sources */ = {isa = PBXBuildFile; fileRef = 3EBC0D52216F8E7700636555 /* WeekWeatherDayRepresentable.swift */; };
		3EBDFE6921707699009367D3 /* XCTestCase.swift in Sources */ = {isa = PBXBuildFile; fileRef = 3EBDFE6821707699009367D3 /* XCTestCase.swift */; };
		3EBDFE6B217076E3009367D3 /* DarkSky.json in Resources */ = {isa = PBXBuildFile; fileRef = 3EBDFE6A217076E3009367D3 /* DarkSky.json */; };
		3EBDFE6F21707888009367D3 /* SettingsDateViewModelTests.swift in Sources */ = {isa = PBXBuildFile; fileRef = 3EBDFE6E21707888009367D3 /* SettingsDateViewModelTests.swift */; };
		3EBDFE7121707D1E009367D3 /* SettingTemperatureViewModelTests.swift in Sources */ = {isa = PBXBuildFile; fileRef = 3EBDFE7021707D1E009367D3 /* SettingTemperatureViewModelTests.swift */; };
		3EBDFE7321742DAE009367D3 /* CurrentWeatherViewModelTests.swift in Sources */ = {isa = PBXBuildFile; fileRef = 3EBDFE7221742DAE009367D3 /* CurrentWeatherViewModelTests.swift */; };
		3EBDFE76217467E4009367D3 /* LocationsViewController.swift in Sources */ = {isa = PBXBuildFile; fileRef = 3EBDFE75217467E4009367D3 /* LocationsViewController.swift */; };
		3EBDFE792174687D009367D3 /* LocationTableViewCell.swift in Sources */ = {isa = PBXBuildFile; fileRef = 3EBDFE782174687D009367D3 /* LocationTableViewCell.swift */; };
		3EBDFE7C217468AD009367D3 /* LocationRepresentable.swift in Sources */ = {isa = PBXBuildFile; fileRef = 3EBDFE7B217468AD009367D3 /* LocationRepresentable.swift */; };
		3EBDFE7F217469C7009367D3 /* LocationViewModel.swift in Sources */ = {isa = PBXBuildFile; fileRef = 3EBDFE7E217469C7009367D3 /* LocationViewModel.swift */; };
		3EBDFE8121746AD5009367D3 /* CLLocation.swift in Sources */ = {isa = PBXBuildFile; fileRef = 3EBDFE8021746AD5009367D3 /* CLLocation.swift */; };
		3EEC0B3A216D9BF200EB17AB /* CurrentWeatherViewModel.swift in Sources */ = {isa = PBXBuildFile; fileRef = 3EEC0B39216D9BF200EB17AB /* CurrentWeatherViewModel.swift */; };
		3EEC0B3C216D9D8600EB17AB /* UIImage.swift in Sources */ = {isa = PBXBuildFile; fileRef = 3EEC0B3B216D9D8600EB17AB /* UIImage.swift */; };
		3EEC0B40216DC5F800EB17AB /* CurrentWeatherTest.swift in Sources */ = {isa = PBXBuildFile; fileRef = 3EEC0B3F216DC5F800EB17AB /* CurrentWeatherTest.swift */; };
		3EEC0B42216DEA2100EB17AB /* WeekWeatherViewController.swift in Sources */ = {isa = PBXBuildFile; fileRef = 3EEC0B41216DEA2100EB17AB /* WeekWeatherViewController.swift */; };
		3EEC0B45216DF3BB00EB17AB /* WeekWeatherTableViewCell.swift in Sources */ = {isa = PBXBuildFile; fileRef = 3EEC0B44216DF3BB00EB17AB /* WeekWeatherTableViewCell.swift */; };
		3EEC0B47216EF22E00EB17AB /* UserDefaults.swift in Sources */ = {isa = PBXBuildFile; fileRef = 3EEC0B46216EF22E00EB17AB /* UserDefaults.swift */; };
		3EEC0B4A216F131400EB17AB /* SettingsViewController.swift in Sources */ = {isa = PBXBuildFile; fileRef = 3EEC0B49216F131400EB17AB /* SettingsViewController.swift */; };
		3EEC0B4D216F134900EB17AB /* SettingsTableViewCell.swift in Sources */ = {isa = PBXBuildFile; fileRef = 3EEC0B4C216F134900EB17AB /* SettingsTableViewCell.swift */; };
		3EF605EC216E4EEB00740717 /* ForecastData.swift in Sources */ = {isa = PBXBuildFile; fileRef = 3EF605EB216E4EEB00740717 /* ForecastData.swift */; };
		3EF605EE216E506E00740717 /* WeekWeatherViewModel.swift in Sources */ = {isa = PBXBuildFile; fileRef = 3EF605ED216E506E00740717 /* WeekWeatherViewModel.swift */; };
/* End PBXBuildFile section */

/* Begin PBXContainerItemProxy section */
		3E9E72062167BBAB00FAD00D /* PBXContainerItemProxy */ = {
			isa = PBXContainerItemProxy;
			containerPortal = 3E9E71E92167BBAA00FAD00D /* Project object */;
			proxyType = 1;
			remoteGlobalIDString = 3E9E71F02167BBAA00FAD00D;
			remoteInfo = Sky;
		};
		3E9E72112167BBAB00FAD00D /* PBXContainerItemProxy */ = {
			isa = PBXContainerItemProxy;
			containerPortal = 3E9E71E92167BBAA00FAD00D /* Project object */;
			proxyType = 1;
			remoteGlobalIDString = 3E9E71F02167BBAA00FAD00D;
			remoteInfo = Sky;
		};
/* End PBXContainerItemProxy section */

/* Begin PBXFileReference section */
		3E9E71F12167BBAA00FAD00D /* Sky.app */ = {isa = PBXFileReference; explicitFileType = wrapper.application; includeInIndex = 0; path = Sky.app; sourceTree = BUILT_PRODUCTS_DIR; };
		3E9E71F42167BBAA00FAD00D /* AppDelegate.swift */ = {isa = PBXFileReference; lastKnownFileType = sourcecode.swift; path = AppDelegate.swift; sourceTree = "<group>"; };
		3E9E71F62167BBAA00FAD00D /* RootViewController.swift */ = {isa = PBXFileReference; lastKnownFileType = sourcecode.swift; path = RootViewController.swift; sourceTree = "<group>"; };
		3E9E71F92167BBAA00FAD00D /* Base */ = {isa = PBXFileReference; lastKnownFileType = file.storyboard; name = Base; path = Base.lproj/Main.storyboard; sourceTree = "<group>"; };
		3E9E71FB2167BBAB00FAD00D /* Assets.xcassets */ = {isa = PBXFileReference; lastKnownFileType = folder.assetcatalog; path = Assets.xcassets; sourceTree = "<group>"; };
		3E9E71FE2167BBAB00FAD00D /* Base */ = {isa = PBXFileReference; lastKnownFileType = file.storyboard; name = Base; path = Base.lproj/LaunchScreen.storyboard; sourceTree = "<group>"; };
		3E9E72002167BBAB00FAD00D /* Info.plist */ = {isa = PBXFileReference; lastKnownFileType = text.plist.xml; path = Info.plist; sourceTree = "<group>"; };
		3E9E72052167BBAB00FAD00D /* SkyTests.xctest */ = {isa = PBXFileReference; explicitFileType = wrapper.cfbundle; includeInIndex = 0; path = SkyTests.xctest; sourceTree = BUILT_PRODUCTS_DIR; };
		3E9E720B2167BBAB00FAD00D /* Info.plist */ = {isa = PBXFileReference; lastKnownFileType = text.plist.xml; path = Info.plist; sourceTree = "<group>"; };
		3E9E72102167BBAB00FAD00D /* SkyUITests.xctest */ = {isa = PBXFileReference; explicitFileType = wrapper.cfbundle; includeInIndex = 0; path = SkyUITests.xctest; sourceTree = BUILT_PRODUCTS_DIR; };
		3E9E72162167BBAB00FAD00D /* Info.plist */ = {isa = PBXFileReference; lastKnownFileType = text.plist.xml; path = Info.plist; sourceTree = "<group>"; };
		3E9E72282169EF2F00FAD00D /* Configuration.swift */ = {isa = PBXFileReference; lastKnownFileType = sourcecode.swift; path = Configuration.swift; sourceTree = "<group>"; };
		3E9E722B2169F0FF00FAD00D /* Location.swift */ = {isa = PBXFileReference; lastKnownFileType = sourcecode.swift; path = Location.swift; sourceTree = "<group>"; };
		3E9E722E2169F1C900FAD00D /* WeatherData.swift */ = {isa = PBXFileReference; lastKnownFileType = sourcecode.swift; path = WeatherData.swift; sourceTree = "<group>"; };
		3E9E72312169F75C00FAD00D /* WeahterDataManager.swift */ = {isa = PBXFileReference; lastKnownFileType = sourcecode.swift; path = WeahterDataManager.swift; sourceTree = "<group>"; };
		3E9E72332169FCDA00FAD00D /* WeatherDataManagerTest.swift */ = {isa = PBXFileReference; lastKnownFileType = sourcecode.swift; path = WeatherDataManagerTest.swift; sourceTree = "<group>"; };
		3E9E7237216A0A9100FAD00D /* URLSessionProtocol.swift */ = {isa = PBXFileReference; lastKnownFileType = sourcecode.swift; path = URLSessionProtocol.swift; sourceTree = "<group>"; };
		3E9E7239216A0B2500FAD00D /* URLSession.swift */ = {isa = PBXFileReference; lastKnownFileType = sourcecode.swift; path = URLSession.swift; sourceTree = "<group>"; };
		3E9E723B216A0B7200FAD00D /* MockURLSession.swift */ = {isa = PBXFileReference; lastKnownFileType = sourcecode.swift; path = MockURLSession.swift; sourceTree = "<group>"; };
		3E9E723D216A0BCA00FAD00D /* URLSessionDataTaskProtocol.swift */ = {isa = PBXFileReference; lastKnownFileType = sourcecode.swift; path = URLSessionDataTaskProtocol.swift; sourceTree = "<group>"; };
		3E9E723F216A0C0800FAD00D /* URLSessionDataTask.swift */ = {isa = PBXFileReference; lastKnownFileType = sourcecode.swift; path = URLSessionDataTask.swift; sourceTree = "<group>"; };
		3E9E7241216A10AC00FAD00D /* MockURLSessionDataTask.swift */ = {isa = PBXFileReference; lastKnownFileType = sourcecode.swift; path = MockURLSessionDataTask.swift; sourceTree = "<group>"; };
		3E9E7244216A549B00FAD00D /* WeatherViewController.swift */ = {isa = PBXFileReference; lastKnownFileType = sourcecode.swift; path = WeatherViewController.swift; sourceTree = "<group>"; };
		3E9E7246216A56A500FAD00D /* CurrentWeahterViewController.swift */ = {isa = PBXFileReference; lastKnownFileType = sourcecode.swift; path = CurrentWeahterViewController.swift; sourceTree = "<group>"; };
		3E9E7248216A585700FAD00D /* Double.swift */ = {isa = PBXFileReference; lastKnownFileType = sourcecode.swift; path = Double.swift; sourceTree = "<group>"; };
		3EA38BC9216CF78A00485A9C /* Default-568h@2x.png */ = {isa = PBXFileReference; lastKnownFileType = image.png; path = "Default-568h@2x.png"; sourceTree = "<group>"; };
		3EBC0D48216F85C600636555 /* SettingsDateViewModel.swift */ = {isa = PBXFileReference; lastKnownFileType = sourcecode.swift; path = SettingsDateViewModel.swift; sourceTree = "<group>"; };
		3EBC0D4A216F86CD00636555 /* SettingsTemperatureViewModel.swift */ = {isa = PBXFileReference; lastKnownFileType = sourcecode.swift; path = SettingsTemperatureViewModel.swift; sourceTree = "<group>"; };
		3EBC0D4D216F895B00636555 /* SettingsContent.swift */ = {isa = PBXFileReference; lastKnownFileType = sourcecode.swift; path = SettingsContent.swift; sourceTree = "<group>"; };
		3EBC0D4F216F8CC200636555 /* WeekWeatherDayViewModel.swift */ = {isa = PBXFileReference; lastKnownFileType = sourcecode.swift; path = WeekWeatherDayViewModel.swift; sourceTree = "<group>"; };
		3EBC0D52216F8E7700636555 /* WeekWeatherDayRepresentable.swift */ = {isa = PBXFileReference; lastKnownFileType = sourcecode.swift; path = WeekWeatherDayRepresentable.swift; sourceTree = "<group>"; };
		3EBDFE6821707699009367D3 /* XCTestCase.swift */ = {isa = PBXFileReference; lastKnownFileType = sourcecode.swift; path = XCTestCase.swift; sourceTree = "<group>"; };
		3EBDFE6A217076E3009367D3 /* DarkSky.json */ = {isa = PBXFileReference; fileEncoding = 4; lastKnownFileType = text.json; path = DarkSky.json; sourceTree = "<group>"; };
		3EBDFE6E21707888009367D3 /* SettingsDateViewModelTests.swift */ = {isa = PBXFileReference; lastKnownFileType = sourcecode.swift; path = SettingsDateViewModelTests.swift; sourceTree = "<group>"; };
		3EBDFE7021707D1E009367D3 /* SettingTemperatureViewModelTests.swift */ = {isa = PBXFileReference; lastKnownFileType = sourcecode.swift; path = SettingTemperatureViewModelTests.swift; sourceTree = "<group>"; };
		3EBDFE7221742DAE009367D3 /* CurrentWeatherViewModelTests.swift */ = {isa = PBXFileReference; lastKnownFileType = sourcecode.swift; path = CurrentWeatherViewModelTests.swift; sourceTree = "<group>"; };
		3EBDFE75217467E4009367D3 /* LocationsViewController.swift */ = {isa = PBXFileReference; lastKnownFileType = sourcecode.swift; path = LocationsViewController.swift; sourceTree = "<group>"; };
		3EBDFE782174687D009367D3 /* LocationTableViewCell.swift */ = {isa = PBXFileReference; lastKnownFileType = sourcecode.swift; path = LocationTableViewCell.swift; sourceTree = "<group>"; };
		3EBDFE7B217468AD009367D3 /* LocationRepresentable.swift */ = {isa = PBXFileReference; lastKnownFileType = sourcecode.swift; path = LocationRepresentable.swift; sourceTree = "<group>"; };
		3EBDFE7E217469C7009367D3 /* LocationViewModel.swift */ = {isa = PBXFileReference; lastKnownFileType = sourcecode.swift; path = LocationViewModel.swift; sourceTree = "<group>"; };
		3EBDFE8021746AD5009367D3 /* CLLocation.swift */ = {isa = PBXFileReference; lastKnownFileType = sourcecode.swift; path = CLLocation.swift; sourceTree = "<group>"; };
		3EEC0B39216D9BF200EB17AB /* CurrentWeatherViewModel.swift */ = {isa = PBXFileReference; lastKnownFileType = sourcecode.swift; path = CurrentWeatherViewModel.swift; sourceTree = "<group>"; };
		3EEC0B3B216D9D8600EB17AB /* UIImage.swift */ = {isa = PBXFileReference; lastKnownFileType = sourcecode.swift; path = UIImage.swift; sourceTree = "<group>"; };
		3EEC0B3F216DC5F800EB17AB /* CurrentWeatherTest.swift */ = {isa = PBXFileReference; lastKnownFileType = sourcecode.swift; path = CurrentWeatherTest.swift; sourceTree = "<group>"; };
		3EEC0B41216DEA2100EB17AB /* WeekWeatherViewController.swift */ = {isa = PBXFileReference; lastKnownFileType = sourcecode.swift; path = WeekWeatherViewController.swift; sourceTree = "<group>"; };
		3EEC0B44216DF3BB00EB17AB /* WeekWeatherTableViewCell.swift */ = {isa = PBXFileReference; lastKnownFileType = sourcecode.swift; path = WeekWeatherTableViewCell.swift; sourceTree = "<group>"; };
		3EEC0B46216EF22E00EB17AB /* UserDefaults.swift */ = {isa = PBXFileReference; lastKnownFileType = sourcecode.swift; path = UserDefaults.swift; sourceTree = "<group>"; };
		3EEC0B49216F131400EB17AB /* SettingsViewController.swift */ = {isa = PBXFileReference; lastKnownFileType = sourcecode.swift; path = SettingsViewController.swift; sourceTree = "<group>"; };
		3EEC0B4C216F134900EB17AB /* SettingsTableViewCell.swift */ = {isa = PBXFileReference; lastKnownFileType = sourcecode.swift; path = SettingsTableViewCell.swift; sourceTree = "<group>"; };
		3EF605EB216E4EEB00740717 /* ForecastData.swift */ = {isa = PBXFileReference; lastKnownFileType = sourcecode.swift; path = ForecastData.swift; sourceTree = "<group>"; };
		3EF605ED216E506E00740717 /* WeekWeatherViewModel.swift */ = {isa = PBXFileReference; lastKnownFileType = sourcecode.swift; path = WeekWeatherViewModel.swift; sourceTree = "<group>"; };
/* End PBXFileReference section */

/* Begin PBXFrameworksBuildPhase section */
		3E9E71EE2167BBAA00FAD00D /* Frameworks */ = {
			isa = PBXFrameworksBuildPhase;
			buildActionMask = 2147483647;
			files = (
			);
			runOnlyForDeploymentPostprocessing = 0;
		};
		3E9E72022167BBAB00FAD00D /* Frameworks */ = {
			isa = PBXFrameworksBuildPhase;
			buildActionMask = 2147483647;
			files = (
			);
			runOnlyForDeploymentPostprocessing = 0;
		};
		3E9E720D2167BBAB00FAD00D /* Frameworks */ = {
			isa = PBXFrameworksBuildPhase;
			buildActionMask = 2147483647;
			files = (
			);
			runOnlyForDeploymentPostprocessing = 0;
		};
/* End PBXFrameworksBuildPhase section */

/* Begin PBXGroup section */
		3E9E71E82167BBAA00FAD00D = {
			isa = PBXGroup;
			children = (
				3EA38BC9216CF78A00485A9C /* Default-568h@2x.png */,
				3E9E71F32167BBAA00FAD00D /* Sky */,
				3E9E72082167BBAB00FAD00D /* SkyTests */,
				3E9E72132167BBAB00FAD00D /* SkyUITests */,
				3E9E71F22167BBAA00FAD00D /* Products */,
			);
			sourceTree = "<group>";
		};
		3E9E71F22167BBAA00FAD00D /* Products */ = {
			isa = PBXGroup;
			children = (
				3E9E71F12167BBAA00FAD00D /* Sky.app */,
				3E9E72052167BBAB00FAD00D /* SkyTests.xctest */,
				3E9E72102167BBAB00FAD00D /* SkyUITests.xctest */,
			);
			name = Products;
			sourceTree = "<group>";
		};
		3E9E71F32167BBAA00FAD00D /* Sky */ = {
			isa = PBXGroup;
			children = (
				3E9E7236216A0A6F00FAD00D /* Extensions */,
				3E9E7235216A0A5B00FAD00D /* Protocols */,
				3E9E72302169F74900FAD00D /* Manager */,
				3E9E722A2169F0EF00FAD00D /* Models */,
				3E9E72272169EF0600FAD00D /* Configure */,
				3E9E72222167BBBA00FAD00D /* Deletes */,
				3E9E72232167BBCD00FAD00D /* Resources */,
				3E9E72262167BC2600FAD00D /* StoryBoards */,
				3E9E72242167BBED00FAD00D /* SupportingFiles */,
				3E9E72252167BC0500FAD00D /* ViewControlers */,
			);
			path = Sky;
			sourceTree = "<group>";
		};
		3E9E72082167BBAB00FAD00D /* SkyTests */ = {
			isa = PBXGroup;
			children = (
				3EBDFE6421707496009367D3 /* Extensitons */,
				3EBDFE6521707564009367D3 /* Stubs */,
				3EBDFE6721707594009367D3 /* TestCases */,
				3EBDFE662170756D009367D3 /* SuppotingFiles */,
			);
			path = SkyTests;
			sourceTree = "<group>";
		};
		3E9E72132167BBAB00FAD00D /* SkyUITests */ = {
			isa = PBXGroup;
			children = (
				3E9E72162167BBAB00FAD00D /* Info.plist */,
				3EEC0B3F216DC5F800EB17AB /* CurrentWeatherTest.swift */,
			);
			path = SkyUITests;
			sourceTree = "<group>";
		};
		3E9E72222167BBBA00FAD00D /* Deletes */ = {
			isa = PBXGroup;
			children = (
				3E9E71F42167BBAA00FAD00D /* AppDelegate.swift */,
			);
			path = Deletes;
			sourceTree = "<group>";
		};
		3E9E72232167BBCD00FAD00D /* Resources */ = {
			isa = PBXGroup;
			children = (
				3E9E71FB2167BBAB00FAD00D /* Assets.xcassets */,
			);
			path = Resources;
			sourceTree = "<group>";
		};
		3E9E72242167BBED00FAD00D /* SupportingFiles */ = {
			isa = PBXGroup;
			children = (
				3E9E72002167BBAB00FAD00D /* Info.plist */,
			);
			path = SupportingFiles;
			sourceTree = "<group>";
		};
		3E9E72252167BC0500FAD00D /* ViewControlers */ = {
			isa = PBXGroup;
			children = (
				3EBDFE74217467A2009367D3 /* LocationsViewController */,
				3EEC0B48216F12ED00EB17AB /* SettingViewController */,
				3EA38BCB216CF87500485A9C /* RootViewController */,
				3E9E7243216A546F00FAD00D /* WeatherViewControllers */,
			);
			path = ViewControlers;
			sourceTree = "<group>";
		};
		3E9E72262167BC2600FAD00D /* StoryBoards */ = {
			isa = PBXGroup;
			children = (
				3E9E71F82167BBAA00FAD00D /* Main.storyboard */,
				3E9E71FD2167BBAB00FAD00D /* LaunchScreen.storyboard */,
			);
			path = StoryBoards;
			sourceTree = "<group>";
		};
		3E9E72272169EF0600FAD00D /* Configure */ = {
			isa = PBXGroup;
			children = (
				3E9E72282169EF2F00FAD00D /* Configuration.swift */,
			);
			path = Configure;
			sourceTree = "<group>";
		};
		3E9E722A2169F0EF00FAD00D /* Models */ = {
			isa = PBXGroup;
			children = (
				3E9E722B2169F0FF00FAD00D /* Location.swift */,
				3E9E722E2169F1C900FAD00D /* WeatherData.swift */,
				3EF605EB216E4EEB00740717 /* ForecastData.swift */,
				3EEC0B46216EF22E00EB17AB /* UserDefaults.swift */,
			);
			path = Models;
			sourceTree = "<group>";
		};
		3E9E72302169F74900FAD00D /* Manager */ = {
			isa = PBXGroup;
			children = (
				3E9E72312169F75C00FAD00D /* WeahterDataManager.swift */,
			);
			path = Manager;
			sourceTree = "<group>";
		};
		3E9E7235216A0A5B00FAD00D /* Protocols */ = {
			isa = PBXGroup;
			children = (
				3E9E7237216A0A9100FAD00D /* URLSessionProtocol.swift */,
				3E9E723D216A0BCA00FAD00D /* URLSessionDataTaskProtocol.swift */,
			);
			path = Protocols;
			sourceTree = "<group>";
		};
		3E9E7236216A0A6F00FAD00D /* Extensions */ = {
			isa = PBXGroup;
			children = (
				3E9E7239216A0B2500FAD00D /* URLSession.swift */,
				3E9E723F216A0C0800FAD00D /* URLSessionDataTask.swift */,
				3E9E7248216A585700FAD00D /* Double.swift */,
				3EEC0B3B216D9D8600EB17AB /* UIImage.swift */,
				3EBDFE8021746AD5009367D3 /* CLLocation.swift */,
			);
			path = Extensions;
			sourceTree = "<group>";
		};
		3E9E7243216A546F00FAD00D /* WeatherViewControllers */ = {
			isa = PBXGroup;
			children = (
				3EBC0D51216F8E4A00636555 /* Protocols */,
				3EEC0B43216DF39F00EB17AB /* TableViewCells */,
				3EEC0B36216D9BB200EB17AB /* CurrentWeatherViewModel */,
				3E9E7244216A549B00FAD00D /* WeatherViewController.swift */,
				3E9E7246216A56A500FAD00D /* CurrentWeahterViewController.swift */,
				3EEC0B41216DEA2100EB17AB /* WeekWeatherViewController.swift */,
			);
			path = WeatherViewControllers;
			sourceTree = "<group>";
		};
		3EA38BCB216CF87500485A9C /* RootViewController */ = {
			isa = PBXGroup;
			children = (
				3E9E71F62167BBAA00FAD00D /* RootViewController.swift */,
			);
			path = RootViewController;
			sourceTree = "<group>";
		};
		3EBC0D47216F85A500636555 /* SettingsViewModel */ = {
			isa = PBXGroup;
			children = (
				3EBC0D48216F85C600636555 /* SettingsDateViewModel.swift */,
				3EBC0D4A216F86CD00636555 /* SettingsTemperatureViewModel.swift */,
			);
			path = SettingsViewModel;
			sourceTree = "<group>";
		};
		3EBC0D4C216F893E00636555 /* Protocols */ = {
			isa = PBXGroup;
			children = (
				3EBC0D4D216F895B00636555 /* SettingsContent.swift */,
			);
			path = Protocols;
			sourceTree = "<group>";
		};
		3EBC0D51216F8E4A00636555 /* Protocols */ = {
			isa = PBXGroup;
			children = (
				3EBC0D52216F8E7700636555 /* WeekWeatherDayRepresentable.swift */,
			);
			path = Protocols;
			sourceTree = "<group>";
		};
		3EBDFE6421707496009367D3 /* Extensitons */ = {
			isa = PBXGroup;
			children = (
				3EBDFE6821707699009367D3 /* XCTestCase.swift */,
			);
			path = Extensitons;
			sourceTree = "<group>";
		};
		3EBDFE6521707564009367D3 /* Stubs */ = {
			isa = PBXGroup;
			children = (
				3EBDFE6A217076E3009367D3 /* DarkSky.json */,
				3E9E723B216A0B7200FAD00D /* MockURLSession.swift */,
				3E9E7241216A10AC00FAD00D /* MockURLSessionDataTask.swift */,
			);
			path = Stubs;
			sourceTree = "<group>";
		};
		3EBDFE662170756D009367D3 /* SuppotingFiles */ = {
			isa = PBXGroup;
			children = (
				3E9E720B2167BBAB00FAD00D /* Info.plist */,
			);
			path = SuppotingFiles;
			sourceTree = "<group>";
		};
		3EBDFE6721707594009367D3 /* TestCases */ = {
			isa = PBXGroup;
			children = (
				3E9E72332169FCDA00FAD00D /* WeatherDataManagerTest.swift */,
				3EBDFE6E21707888009367D3 /* SettingsDateViewModelTests.swift */,
				3EBDFE7021707D1E009367D3 /* SettingTemperatureViewModelTests.swift */,
				3EBDFE7221742DAE009367D3 /* CurrentWeatherViewModelTests.swift */,
			);
			path = TestCases;
			sourceTree = "<group>";
		};
		3EBDFE74217467A2009367D3 /* LocationsViewController */ = {
			isa = PBXGroup;
			children = (
				3EBDFE7D217469B4009367D3 /* ViewModels */,
				3EBDFE7A21746894009367D3 /* Protocols */,
				3EBDFE772174685E009367D3 /* TableViewCells */,
				3EBDFE75217467E4009367D3 /* LocationsViewController.swift */,
			);
			path = LocationsViewController;
			sourceTree = "<group>";
		};
		3EBDFE772174685E009367D3 /* TableViewCells */ = {
			isa = PBXGroup;
			children = (
				3EBDFE782174687D009367D3 /* LocationTableViewCell.swift */,
			);
			path = TableViewCells;
			sourceTree = "<group>";
		};
		3EBDFE7A21746894009367D3 /* Protocols */ = {
			isa = PBXGroup;
			children = (
				3EBDFE7B217468AD009367D3 /* LocationRepresentable.swift */,
			);
			path = Protocols;
			sourceTree = "<group>";
		};
		3EBDFE7D217469B4009367D3 /* ViewModels */ = {
			isa = PBXGroup;
			children = (
				3EBDFE7E217469C7009367D3 /* LocationViewModel.swift */,
			);
			path = ViewModels;
			sourceTree = "<group>";
		};
		3EEC0B36216D9BB200EB17AB /* CurrentWeatherViewModel */ = {
			isa = PBXGroup;
			children = (
				3EEC0B39216D9BF200EB17AB /* CurrentWeatherViewModel.swift */,
				3EF605ED216E506E00740717 /* WeekWeatherViewModel.swift */,
				3EBC0D4F216F8CC200636555 /* WeekWeatherDayViewModel.swift */,
			);
			path = CurrentWeatherViewModel;
			sourceTree = "<group>";
		};
		3EEC0B43216DF39F00EB17AB /* TableViewCells */ = {
			isa = PBXGroup;
			children = (
				3EEC0B44216DF3BB00EB17AB /* WeekWeatherTableViewCell.swift */,
			);
			path = TableViewCells;
			sourceTree = "<group>";
		};
		3EEC0B48216F12ED00EB17AB /* SettingViewController */ = {
			isa = PBXGroup;
			children = (
				3EBC0D4C216F893E00636555 /* Protocols */,
				3EBC0D47216F85A500636555 /* SettingsViewModel */,
				3EEC0B4B216F132200EB17AB /* TableViewCells */,
				3EEC0B49216F131400EB17AB /* SettingsViewController.swift */,
			);
			path = SettingViewController;
			sourceTree = "<group>";
		};
		3EEC0B4B216F132200EB17AB /* TableViewCells */ = {
			isa = PBXGroup;
			children = (
				3EEC0B4C216F134900EB17AB /* SettingsTableViewCell.swift */,
			);
			path = TableViewCells;
			sourceTree = "<group>";
		};
/* End PBXGroup section */

/* Begin PBXNativeTarget section */
		3E9E71F02167BBAA00FAD00D /* Sky */ = {
			isa = PBXNativeTarget;
			buildConfigurationList = 3E9E72192167BBAB00FAD00D /* Build configuration list for PBXNativeTarget "Sky" */;
			buildPhases = (
				3E9E71ED2167BBAA00FAD00D /* Sources */,
				3E9E71EE2167BBAA00FAD00D /* Frameworks */,
				3E9E71EF2167BBAA00FAD00D /* Resources */,
			);
			buildRules = (
			);
			dependencies = (
			);
			name = Sky;
			productName = Sky;
			productReference = 3E9E71F12167BBAA00FAD00D /* Sky.app */;
			productType = "com.apple.product-type.application";
		};
		3E9E72042167BBAB00FAD00D /* SkyTests */ = {
			isa = PBXNativeTarget;
			buildConfigurationList = 3E9E721C2167BBAB00FAD00D /* Build configuration list for PBXNativeTarget "SkyTests" */;
			buildPhases = (
				3E9E72012167BBAB00FAD00D /* Sources */,
				3E9E72022167BBAB00FAD00D /* Frameworks */,
				3E9E72032167BBAB00FAD00D /* Resources */,
			);
			buildRules = (
			);
			dependencies = (
				3E9E72072167BBAB00FAD00D /* PBXTargetDependency */,
			);
			name = SkyTests;
			productName = SkyTests;
			productReference = 3E9E72052167BBAB00FAD00D /* SkyTests.xctest */;
			productType = "com.apple.product-type.bundle.unit-test";
		};
		3E9E720F2167BBAB00FAD00D /* SkyUITests */ = {
			isa = PBXNativeTarget;
			buildConfigurationList = 3E9E721F2167BBAB00FAD00D /* Build configuration list for PBXNativeTarget "SkyUITests" */;
			buildPhases = (
				3E9E720C2167BBAB00FAD00D /* Sources */,
				3E9E720D2167BBAB00FAD00D /* Frameworks */,
				3E9E720E2167BBAB00FAD00D /* Resources */,
			);
			buildRules = (
			);
			dependencies = (
				3E9E72122167BBAB00FAD00D /* PBXTargetDependency */,
			);
			name = SkyUITests;
			productName = SkyUITests;
			productReference = 3E9E72102167BBAB00FAD00D /* SkyUITests.xctest */;
			productType = "com.apple.product-type.bundle.ui-testing";
		};
/* End PBXNativeTarget section */

/* Begin PBXProject section */
		3E9E71E92167BBAA00FAD00D /* Project object */ = {
			isa = PBXProject;
			attributes = {
				LastSwiftUpdateCheck = 1000;
				LastUpgradeCheck = 1000;
				ORGANIZATIONNAME = "王兆祥";
				TargetAttributes = {
					3E9E71F02167BBAA00FAD00D = {
						CreatedOnToolsVersion = 10.0;
					};
					3E9E72042167BBAB00FAD00D = {
						CreatedOnToolsVersion = 10.0;
						LastSwiftMigration = 1000;
						TestTargetID = 3E9E71F02167BBAA00FAD00D;
					};
					3E9E720F2167BBAB00FAD00D = {
						CreatedOnToolsVersion = 10.0;
						LastSwiftMigration = 1000;
						TestTargetID = 3E9E71F02167BBAA00FAD00D;
					};
				};
			};
			buildConfigurationList = 3E9E71EC2167BBAA00FAD00D /* Build configuration list for PBXProject "Sky" */;
			compatibilityVersion = "Xcode 9.3";
			developmentRegion = en;
			hasScannedForEncodings = 0;
			knownRegions = (
				en,
				Base,
			);
			mainGroup = 3E9E71E82167BBAA00FAD00D;
			productRefGroup = 3E9E71F22167BBAA00FAD00D /* Products */;
			projectDirPath = "";
			projectRoot = "";
			targets = (
				3E9E71F02167BBAA00FAD00D /* Sky */,
				3E9E72042167BBAB00FAD00D /* SkyTests */,
				3E9E720F2167BBAB00FAD00D /* SkyUITests */,
			);
		};
/* End PBXProject section */

/* Begin PBXResourcesBuildPhase section */
		3E9E71EF2167BBAA00FAD00D /* Resources */ = {
			isa = PBXResourcesBuildPhase;
			buildActionMask = 2147483647;
			files = (
				3E9E71FF2167BBAB00FAD00D /* LaunchScreen.storyboard in Resources */,
				3EA38BCA216CF78A00485A9C /* Default-568h@2x.png in Resources */,
				3E9E71FC2167BBAB00FAD00D /* Assets.xcassets in Resources */,
				3E9E71FA2167BBAA00FAD00D /* Main.storyboard in Resources */,
			);
			runOnlyForDeploymentPostprocessing = 0;
		};
		3E9E72032167BBAB00FAD00D /* Resources */ = {
			isa = PBXResourcesBuildPhase;
			buildActionMask = 2147483647;
			files = (
				3EBDFE6B217076E3009367D3 /* DarkSky.json in Resources */,
			);
			runOnlyForDeploymentPostprocessing = 0;
		};
		3E9E720E2167BBAB00FAD00D /* Resources */ = {
			isa = PBXResourcesBuildPhase;
			buildActionMask = 2147483647;
			files = (
			);
			runOnlyForDeploymentPostprocessing = 0;
		};
/* End PBXResourcesBuildPhase section */

/* Begin PBXSourcesBuildPhase section */
		3E9E71ED2167BBAA00FAD00D /* Sources */ = {
			isa = PBXSourcesBuildPhase;
			buildActionMask = 2147483647;
			files = (
				3E9E7238216A0A9100FAD00D /* URLSessionProtocol.swift in Sources */,
				3E9E72292169EF2F00FAD00D /* Configuration.swift in Sources */,
				3EBDFE792174687D009367D3 /* LocationTableViewCell.swift in Sources */,
				3E9E723E216A0BCA00FAD00D /* URLSessionDataTaskProtocol.swift in Sources */,
				3EF605EE216E506E00740717 /* WeekWeatherViewModel.swift in Sources */,
				3E9E7247216A56A500FAD00D /* CurrentWeahterViewController.swift in Sources */,
				3EEC0B4A216F131400EB17AB /* SettingsViewController.swift in Sources */,
				3EEC0B4D216F134900EB17AB /* SettingsTableViewCell.swift in Sources */,
				3EBDFE76217467E4009367D3 /* LocationsViewController.swift in Sources */,
				3EBDFE7F217469C7009367D3 /* LocationViewModel.swift in Sources */,
				3E9E7249216A585700FAD00D /* Double.swift in Sources */,
				3EEC0B42216DEA2100EB17AB /* WeekWeatherViewController.swift in Sources */,
				3EEC0B45216DF3BB00EB17AB /* WeekWeatherTableViewCell.swift in Sources */,
				3EBC0D49216F85C600636555 /* SettingsDateViewModel.swift in Sources */,
				3EBDFE7C217468AD009367D3 /* LocationRepresentable.swift in Sources */,
				3E9E7240216A0C0800FAD00D /* URLSessionDataTask.swift in Sources */,
				3EBC0D50216F8CC200636555 /* WeekWeatherDayViewModel.swift in Sources */,
				3EEC0B3C216D9D8600EB17AB /* UIImage.swift in Sources */,
				3E9E723A216A0B2500FAD00D /* URLSession.swift in Sources */,
				3EBDFE8121746AD5009367D3 /* CLLocation.swift in Sources */,
				3E9E722F2169F1C900FAD00D /* WeatherData.swift in Sources */,
				3E9E72322169F75C00FAD00D /* WeahterDataManager.swift in Sources */,
				3EBC0D4E216F895B00636555 /* SettingsContent.swift in Sources */,
				3EBC0D53216F8E7700636555 /* WeekWeatherDayRepresentable.swift in Sources */,
				3EBC0D4B216F86CD00636555 /* SettingsTemperatureViewModel.swift in Sources */,
				3E9E71F72167BBAA00FAD00D /* RootViewController.swift in Sources */,
				3E9E722C2169F0FF00FAD00D /* Location.swift in Sources */,
				3E9E71F52167BBAA00FAD00D /* AppDelegate.swift in Sources */,
				3EEC0B47216EF22E00EB17AB /* UserDefaults.swift in Sources */,
				3E9E7245216A549B00FAD00D /* WeatherViewController.swift in Sources */,
				3EF605EC216E4EEB00740717 /* ForecastData.swift in Sources */,
				3EEC0B3A216D9BF200EB17AB /* CurrentWeatherViewModel.swift in Sources */,
			);
			runOnlyForDeploymentPostprocessing = 0;
		};
		3E9E72012167BBAB00FAD00D /* Sources */ = {
			isa = PBXSourcesBuildPhase;
			buildActionMask = 2147483647;
			files = (
				3E9E7242216A10AC00FAD00D /* MockURLSessionDataTask.swift in Sources */,
				3EBDFE7321742DAE009367D3 /* CurrentWeatherViewModelTests.swift in Sources */,
				3E9E723C216A0B7200FAD00D /* MockURLSession.swift in Sources */,
				3EBDFE6F21707888009367D3 /* SettingsDateViewModelTests.swift in Sources */,
				3EBDFE6921707699009367D3 /* XCTestCase.swift in Sources */,
				3EBDFE7121707D1E009367D3 /* SettingTemperatureViewModelTests.swift in Sources */,
				3E9E72342169FCDA00FAD00D /* WeatherDataManagerTest.swift in Sources */,
			);
			runOnlyForDeploymentPostprocessing = 0;
		};
		3E9E720C2167BBAB00FAD00D /* Sources */ = {
			isa = PBXSourcesBuildPhase;
			buildActionMask = 2147483647;
			files = (
				3EEC0B40216DC5F800EB17AB /* CurrentWeatherTest.swift in Sources */,
			);
			runOnlyForDeploymentPostprocessing = 0;
		};
/* End PBXSourcesBuildPhase section */

/* Begin PBXTargetDependency section */
		3E9E72072167BBAB00FAD00D /* PBXTargetDependency */ = {
			isa = PBXTargetDependency;
			target = 3E9E71F02167BBAA00FAD00D /* Sky */;
			targetProxy = 3E9E72062167BBAB00FAD00D /* PBXContainerItemProxy */;
		};
		3E9E72122167BBAB00FAD00D /* PBXTargetDependency */ = {
			isa = PBXTargetDependency;
			target = 3E9E71F02167BBAA00FAD00D /* Sky */;
			targetProxy = 3E9E72112167BBAB00FAD00D /* PBXContainerItemProxy */;
		};
/* End PBXTargetDependency section */

/* Begin PBXVariantGroup section */
		3E9E71F82167BBAA00FAD00D /* Main.storyboard */ = {
			isa = PBXVariantGroup;
			children = (
				3E9E71F92167BBAA00FAD00D /* Base */,
			);
			name = Main.storyboard;
			sourceTree = "<group>";
		};
		3E9E71FD2167BBAB00FAD00D /* LaunchScreen.storyboard */ = {
			isa = PBXVariantGroup;
			children = (
				3E9E71FE2167BBAB00FAD00D /* Base */,
			);
			name = LaunchScreen.storyboard;
			sourceTree = "<group>";
		};
/* End PBXVariantGroup section */

/* Begin XCBuildConfiguration section */
		3E9E72172167BBAB00FAD00D /* Debug */ = {
			isa = XCBuildConfiguration;
			buildSettings = {
				ALWAYS_SEARCH_USER_PATHS = NO;
				CLANG_ANALYZER_NONNULL = YES;
				CLANG_ANALYZER_NUMBER_OBJECT_CONVERSION = YES_AGGRESSIVE;
				CLANG_CXX_LANGUAGE_STANDARD = "gnu++14";
				CLANG_CXX_LIBRARY = "libc++";
				CLANG_ENABLE_MODULES = YES;
				CLANG_ENABLE_OBJC_ARC = YES;
				CLANG_ENABLE_OBJC_WEAK = YES;
				CLANG_WARN_BLOCK_CAPTURE_AUTORELEASING = YES;
				CLANG_WARN_BOOL_CONVERSION = YES;
				CLANG_WARN_COMMA = YES;
				CLANG_WARN_CONSTANT_CONVERSION = YES;
				CLANG_WARN_DEPRECATED_OBJC_IMPLEMENTATIONS = YES;
				CLANG_WARN_DIRECT_OBJC_ISA_USAGE = YES_ERROR;
				CLANG_WARN_DOCUMENTATION_COMMENTS = YES;
				CLANG_WARN_EMPTY_BODY = YES;
				CLANG_WARN_ENUM_CONVERSION = YES;
				CLANG_WARN_INFINITE_RECURSION = YES;
				CLANG_WARN_INT_CONVERSION = YES;
				CLANG_WARN_NON_LITERAL_NULL_CONVERSION = YES;
				CLANG_WARN_OBJC_IMPLICIT_RETAIN_SELF = YES;
				CLANG_WARN_OBJC_LITERAL_CONVERSION = YES;
				CLANG_WARN_OBJC_ROOT_CLASS = YES_ERROR;
				CLANG_WARN_RANGE_LOOP_ANALYSIS = YES;
				CLANG_WARN_STRICT_PROTOTYPES = YES;
				CLANG_WARN_SUSPICIOUS_MOVE = YES;
				CLANG_WARN_UNGUARDED_AVAILABILITY = YES_AGGRESSIVE;
				CLANG_WARN_UNREACHABLE_CODE = YES;
				CLANG_WARN__DUPLICATE_METHOD_MATCH = YES;
				CODE_SIGN_IDENTITY = "iPhone Developer";
				COPY_PHASE_STRIP = NO;
				DEBUG_INFORMATION_FORMAT = dwarf;
				ENABLE_STRICT_OBJC_MSGSEND = YES;
				ENABLE_TESTABILITY = YES;
				GCC_C_LANGUAGE_STANDARD = gnu11;
				GCC_DYNAMIC_NO_PIC = NO;
				GCC_NO_COMMON_BLOCKS = YES;
				GCC_OPTIMIZATION_LEVEL = 0;
				GCC_PREPROCESSOR_DEFINITIONS = (
					"DEBUG=1",
					"$(inherited)",
				);
				GCC_WARN_64_TO_32_BIT_CONVERSION = YES;
				GCC_WARN_ABOUT_RETURN_TYPE = YES_ERROR;
				GCC_WARN_UNDECLARED_SELECTOR = YES;
				GCC_WARN_UNINITIALIZED_AUTOS = YES_AGGRESSIVE;
				GCC_WARN_UNUSED_FUNCTION = YES;
				GCC_WARN_UNUSED_VARIABLE = YES;
				IPHONEOS_DEPLOYMENT_TARGET = 12.0;
				MTL_ENABLE_DEBUG_INFO = INCLUDE_SOURCE;
				MTL_FAST_MATH = YES;
				ONLY_ACTIVE_ARCH = YES;
				SDKROOT = iphoneos;
				SWIFT_ACTIVE_COMPILATION_CONDITIONS = DEBUG;
				SWIFT_OPTIMIZATION_LEVEL = "-Onone";
			};
			name = Debug;
		};
		3E9E72182167BBAB00FAD00D /* Release */ = {
			isa = XCBuildConfiguration;
			buildSettings = {
				ALWAYS_SEARCH_USER_PATHS = NO;
				CLANG_ANALYZER_NONNULL = YES;
				CLANG_ANALYZER_NUMBER_OBJECT_CONVERSION = YES_AGGRESSIVE;
				CLANG_CXX_LANGUAGE_STANDARD = "gnu++14";
				CLANG_CXX_LIBRARY = "libc++";
				CLANG_ENABLE_MODULES = YES;
				CLANG_ENABLE_OBJC_ARC = YES;
				CLANG_ENABLE_OBJC_WEAK = YES;
				CLANG_WARN_BLOCK_CAPTURE_AUTORELEASING = YES;
				CLANG_WARN_BOOL_CONVERSION = YES;
				CLANG_WARN_COMMA = YES;
				CLANG_WARN_CONSTANT_CONVERSION = YES;
				CLANG_WARN_DEPRECATED_OBJC_IMPLEMENTATIONS = YES;
				CLANG_WARN_DIRECT_OBJC_ISA_USAGE = YES_ERROR;
				CLANG_WARN_DOCUMENTATION_COMMENTS = YES;
				CLANG_WARN_EMPTY_BODY = YES;
				CLANG_WARN_ENUM_CONVERSION = YES;
				CLANG_WARN_INFINITE_RECURSION = YES;
				CLANG_WARN_INT_CONVERSION = YES;
				CLANG_WARN_NON_LITERAL_NULL_CONVERSION = YES;
				CLANG_WARN_OBJC_IMPLICIT_RETAIN_SELF = YES;
				CLANG_WARN_OBJC_LITERAL_CONVERSION = YES;
				CLANG_WARN_OBJC_ROOT_CLASS = YES_ERROR;
				CLANG_WARN_RANGE_LOOP_ANALYSIS = YES;
				CLANG_WARN_STRICT_PROTOTYPES = YES;
				CLANG_WARN_SUSPICIOUS_MOVE = YES;
				CLANG_WARN_UNGUARDED_AVAILABILITY = YES_AGGRESSIVE;
				CLANG_WARN_UNREACHABLE_CODE = YES;
				CLANG_WARN__DUPLICATE_METHOD_MATCH = YES;
				CODE_SIGN_IDENTITY = "iPhone Developer";
				COPY_PHASE_STRIP = NO;
				DEBUG_INFORMATION_FORMAT = "dwarf-with-dsym";
				ENABLE_NS_ASSERTIONS = NO;
				ENABLE_STRICT_OBJC_MSGSEND = YES;
				GCC_C_LANGUAGE_STANDARD = gnu11;
				GCC_NO_COMMON_BLOCKS = YES;
				GCC_WARN_64_TO_32_BIT_CONVERSION = YES;
				GCC_WARN_ABOUT_RETURN_TYPE = YES_ERROR;
				GCC_WARN_UNDECLARED_SELECTOR = YES;
				GCC_WARN_UNINITIALIZED_AUTOS = YES_AGGRESSIVE;
				GCC_WARN_UNUSED_FUNCTION = YES;
				GCC_WARN_UNUSED_VARIABLE = YES;
				IPHONEOS_DEPLOYMENT_TARGET = 12.0;
				MTL_ENABLE_DEBUG_INFO = NO;
				MTL_FAST_MATH = YES;
				SDKROOT = iphoneos;
				SWIFT_COMPILATION_MODE = wholemodule;
				SWIFT_OPTIMIZATION_LEVEL = "-O";
				VALIDATE_PRODUCT = YES;
			};
			name = Release;
		};
		3E9E721A2167BBAB00FAD00D /* Debug */ = {
			isa = XCBuildConfiguration;
			buildSettings = {
				ASSETCATALOG_COMPILER_APPICON_NAME = AppIcon;
				CODE_SIGN_IDENTITY = "iPhone Developer";
				CODE_SIGN_STYLE = Automatic;
				DEVELOPMENT_TEAM = TZL3UXPR8Q;
				INFOPLIST_FILE = Sky/SupportingFiles/Info.plist;
				LD_RUNPATH_SEARCH_PATHS = (
					"$(inherited)",
					"@executable_path/Frameworks",
				);
				PRODUCT_BUNDLE_IDENTIFIER = "com.kk-zhaoxiang.Sky";
				PRODUCT_NAME = "$(TARGET_NAME)";
				PROVISIONING_PROFILE_SPECIFIER = "";
				SWIFT_VERSION = 4.2;
				TARGETED_DEVICE_FAMILY = "1,2";
			};
			name = Debug;
		};
		3E9E721B2167BBAB00FAD00D /* Release */ = {
			isa = XCBuildConfiguration;
			buildSettings = {
				ASSETCATALOG_COMPILER_APPICON_NAME = AppIcon;
				CODE_SIGN_IDENTITY = "iPhone Developer";
				CODE_SIGN_STYLE = Automatic;
				DEVELOPMENT_TEAM = TZL3UXPR8Q;
				INFOPLIST_FILE = Sky/SupportingFiles/Info.plist;
				LD_RUNPATH_SEARCH_PATHS = (
					"$(inherited)",
					"@executable_path/Frameworks",
				);
				PRODUCT_BUNDLE_IDENTIFIER = "com.kk-zhaoxiang.Sky";
				PRODUCT_NAME = "$(TARGET_NAME)";
				PROVISIONING_PROFILE_SPECIFIER = "";
				SWIFT_VERSION = 4.2;
				TARGETED_DEVICE_FAMILY = "1,2";
			};
			name = Release;
		};
		3E9E721D2167BBAB00FAD00D /* Debug */ = {
			isa = XCBuildConfiguration;
			buildSettings = {
				ALWAYS_EMBED_SWIFT_STANDARD_LIBRARIES = YES;
				BUNDLE_LOADER = "$(TEST_HOST)";
				CLANG_ENABLE_MODULES = YES;
				CODE_SIGN_IDENTITY = "iPhone Developer";
				CODE_SIGN_STYLE = Automatic;
				DEVELOPMENT_TEAM = TZL3UXPR8Q;
				INFOPLIST_FILE = SkyTests/SuppotingFiles/Info.plist;
				LD_RUNPATH_SEARCH_PATHS = (
					"$(inherited)",
					"@executable_path/Frameworks",
					"@loader_path/Frameworks",
				);
				PRODUCT_BUNDLE_IDENTIFIER = "com.kk-zhaoxiang.SkyTests";
				PRODUCT_NAME = "$(TARGET_NAME)";
				PROVISIONING_PROFILE_SPECIFIER = "";
				SWIFT_OPTIMIZATION_LEVEL = "-Onone";
				SWIFT_VERSION = 4.2;
				TARGETED_DEVICE_FAMILY = "1,2";
				TEST_HOST = "$(BUILT_PRODUCTS_DIR)/Sky.app/Sky";
			};
			name = Debug;
		};
		3E9E721E2167BBAB00FAD00D /* Release */ = {
			isa = XCBuildConfiguration;
			buildSettings = {
				ALWAYS_EMBED_SWIFT_STANDARD_LIBRARIES = YES;
				BUNDLE_LOADER = "$(TEST_HOST)";
				CLANG_ENABLE_MODULES = YES;
				CODE_SIGN_IDENTITY = "iPhone Developer";
				CODE_SIGN_STYLE = Automatic;
				DEVELOPMENT_TEAM = TZL3UXPR8Q;
				INFOPLIST_FILE = SkyTests/SuppotingFiles/Info.plist;
				LD_RUNPATH_SEARCH_PATHS = (
					"$(inherited)",
					"@executable_path/Frameworks",
					"@loader_path/Frameworks",
				);
				PRODUCT_BUNDLE_IDENTIFIER = "com.kk-zhaoxiang.SkyTests";
				PRODUCT_NAME = "$(TARGET_NAME)";
				PROVISIONING_PROFILE_SPECIFIER = "";
				SWIFT_VERSION = 4.2;
				TARGETED_DEVICE_FAMILY = "1,2";
				TEST_HOST = "$(BUILT_PRODUCTS_DIR)/Sky.app/Sky";
			};
			name = Release;
		};
		3E9E72202167BBAB00FAD00D /* Debug */ = {
			isa = XCBuildConfiguration;
			buildSettings = {
				ALWAYS_EMBED_SWIFT_STANDARD_LIBRARIES = YES;
				CLANG_ENABLE_MODULES = YES;
				CODE_SIGN_IDENTITY = "iPhone Developer";
				CODE_SIGN_STYLE = Automatic;
				DEVELOPMENT_TEAM = TZL3UXPR8Q;
				INFOPLIST_FILE = SkyUITests/Info.plist;
				LD_RUNPATH_SEARCH_PATHS = (
					"$(inherited)",
					"@executable_path/Frameworks",
					"@loader_path/Frameworks",
				);
				PRODUCT_BUNDLE_IDENTIFIER = "com.kk-zhaoxiang.SkyUITests";
				PRODUCT_NAME = "$(TARGET_NAME)";
				PROVISIONING_PROFILE = "";
				PROVISIONING_PROFILE_SPECIFIER = "";
				SWIFT_OPTIMIZATION_LEVEL = "-Onone";
				SWIFT_VERSION = 4.2;
				TARGETED_DEVICE_FAMILY = "1,2";
				TEST_TARGET_NAME = Sky;
			};
			name = Debug;
		};
		3E9E72212167BBAB00FAD00D /* Release */ = {
			isa = XCBuildConfiguration;
			buildSettings = {
				ALWAYS_EMBED_SWIFT_STANDARD_LIBRARIES = YES;
				CLANG_ENABLE_MODULES = YES;
				CODE_SIGN_IDENTITY = "iPhone Developer";
				CODE_SIGN_STYLE = Automatic;
				DEVELOPMENT_TEAM = TZL3UXPR8Q;
				INFOPLIST_FILE = SkyUITests/Info.plist;
				LD_RUNPATH_SEARCH_PATHS = (
					"$(inherited)",
					"@executable_path/Frameworks",
					"@loader_path/Frameworks",
				);
				PRODUCT_BUNDLE_IDENTIFIER = "com.kk-zhaoxiang.SkyUITests";
				PRODUCT_NAME = "$(TARGET_NAME)";
				PROVISIONING_PROFILE = "";
				PROVISIONING_PROFILE_SPECIFIER = "";
				SWIFT_VERSION = 4.2;
				TARGETED_DEVICE_FAMILY = "1,2";
				TEST_TARGET_NAME = Sky;
			};
			name = Release;
		};
/* End XCBuildConfiguration section */

/* Begin XCConfigurationList section */
		3E9E71EC2167BBAA00FAD00D /* Build configuration list for PBXProject "Sky" */ = {
			isa = XCConfigurationList;
			buildConfigurations = (
				3E9E72172167BBAB00FAD00D /* Debug */,
				3E9E72182167BBAB00FAD00D /* Release */,
			);
			defaultConfigurationIsVisible = 0;
			defaultConfigurationName = Release;
		};
		3E9E72192167BBAB00FAD00D /* Build configuration list for PBXNativeTarget "Sky" */ = {
			isa = XCConfigurationList;
			buildConfigurations = (
				3E9E721A2167BBAB00FAD00D /* Debug */,
				3E9E721B2167BBAB00FAD00D /* Release */,
			);
			defaultConfigurationIsVisible = 0;
			defaultConfigurationName = Release;
		};
		3E9E721C2167BBAB00FAD00D /* Build configuration list for PBXNativeTarget "SkyTests" */ = {
			isa = XCConfigurationList;
			buildConfigurations = (
				3E9E721D2167BBAB00FAD00D /* Debug */,
				3E9E721E2167BBAB00FAD00D /* Release */,
			);
			defaultConfigurationIsVisible = 0;
			defaultConfigurationName = Release;
		};
		3E9E721F2167BBAB00FAD00D /* Build configuration list for PBXNativeTarget "SkyUITests" */ = {
			isa = XCConfigurationList;
			buildConfigurations = (
				3E9E72202167BBAB00FAD00D /* Debug */,
				3E9E72212167BBAB00FAD00D /* Release */,
			);
			defaultConfigurationIsVisible = 0;
			defaultConfigurationName = Release;
		};
/* End XCConfigurationList section */
	};
	rootObject = 3E9E71E92167BBAA00FAD00D /* Project object */;
}
